// !$*UTF8*$!
{
	archiveVersion = 1;
	classes = {
	};
	objectVersion = 50;
	objects = {

/* Begin PBXBuildFile section */
		76A05A0420A020A100F191ED /* AppDelegate.swift in Sources */ = {isa = PBXBuildFile; fileRef = 76A05A0320A020A100F191ED /* AppDelegate.swift */; };
		76A05A0620A020A100F191ED /* ViewController.swift in Sources */ = {isa = PBXBuildFile; fileRef = 76A05A0520A020A100F191ED /* ViewController.swift */; };
		76A05A0920A020A100F191ED /* Main.storyboard in Resources */ = {isa = PBXBuildFile; fileRef = 76A05A0720A020A100F191ED /* Main.storyboard */; };
		76A05A0B20A020A200F191ED /* Assets.xcassets in Resources */ = {isa = PBXBuildFile; fileRef = 76A05A0A20A020A200F191ED /* Assets.xcassets */; };
		76A05A0E20A020A200F191ED /* LaunchScreen.storyboard in Resources */ = {isa = PBXBuildFile; fileRef = 76A05A0C20A020A200F191ED /* LaunchScreen.storyboard */; };
		76A05A1620A0231A00F191ED /* backgroundwelcomescreen.jpg in Resources */ = {isa = PBXBuildFile; fileRef = 76A05A1520A0231A00F191ED /* backgroundwelcomescreen.jpg */; };
		76A05A1820A0233600F191ED /* orionconstellation.jpg in Resources */ = {isa = PBXBuildFile; fileRef = 76A05A1720A0233600F191ED /* orionconstellation.jpg */; };
		76A05A1B20A0260F00F191ED /* 01_Title Screen.mp3 in Resources */ = {isa = PBXBuildFile; fileRef = 76A05A1A20A0260F00F191ED /* 01_Title Screen.mp3 */; };
/* End PBXBuildFile section */

/* Begin PBXFileReference section */
		76A05A0020A020A100F191ED /* Planet AR Destroyer Game.app */ = {isa = PBXFileReference; explicitFileType = wrapper.application; includeInIndex = 0; path = "Planet AR Destroyer Game.app"; sourceTree = BUILT_PRODUCTS_DIR; };
		76A05A0320A020A100F191ED /* AppDelegate.swift */ = {isa = PBXFileReference; lastKnownFileType = sourcecode.swift; path = AppDelegate.swift; sourceTree = "<group>"; };
		76A05A0520A020A100F191ED /* ViewController.swift */ = {isa = PBXFileReference; lastKnownFileType = sourcecode.swift; path = ViewController.swift; sourceTree = "<group>"; };
		76A05A0820A020A100F191ED /* Base */ = {isa = PBXFileReference; lastKnownFileType = file.storyboard; name = Base; path = Base.lproj/Main.storyboard; sourceTree = "<group>"; };
		76A05A0A20A020A200F191ED /* Assets.xcassets */ = {isa = PBXFileReference; lastKnownFileType = folder.assetcatalog; path = Assets.xcassets; sourceTree = "<group>"; };
		76A05A0D20A020A200F191ED /* Base */ = {isa = PBXFileReference; lastKnownFileType = file.storyboard; name = Base; path = Base.lproj/LaunchScreen.storyboard; sourceTree = "<group>"; };
		76A05A0F20A020A200F191ED /* Info.plist */ = {isa = PBXFileReference; lastKnownFileType = text.plist.xml; path = Info.plist; sourceTree = "<group>"; };
		76A05A1520A0231A00F191ED /* backgroundwelcomescreen.jpg */ = {isa = PBXFileReference; lastKnownFileType = image.jpeg; path = backgroundwelcomescreen.jpg; sourceTree = "<group>"; };
		76A05A1720A0233600F191ED /* orionconstellation.jpg */ = {isa = PBXFileReference; lastKnownFileType = image.jpeg; path = orionconstellation.jpg; sourceTree = "<group>"; };
		76A05A1A20A0260F00F191ED /* 01_Title Screen.mp3 */ = {isa = PBXFileReference; lastKnownFileType = audio.mp3; path = "01_Title Screen.mp3"; sourceTree = "<group>"; };
/* End PBXFileReference section */

/* Begin PBXFrameworksBuildPhase section */
		76A059FD20A020A100F191ED /* Frameworks */ = {
			isa = PBXFrameworksBuildPhase;
			buildActionMask = 2147483647;
			files = (
			);
			runOnlyForDeploymentPostprocessing = 0;
		};
/* End PBXFrameworksBuildPhase section */

/* Begin PBXGroup section */
		76A059F720A020A100F191ED = {
			isa = PBXGroup;
			children = (
				76A05A0220A020A100F191ED /* Planet AR Destroyer Game */,
				76A05A0120A020A100F191ED /* Products */,
			);
			sourceTree = "<group>";
		};
		76A05A0120A020A100F191ED /* Products */ = {
			isa = PBXGroup;
			children = (
				76A05A0020A020A100F191ED /* Planet AR Destroyer Game.app */,
			);
			name = Products;
			sourceTree = "<group>";
		};
		76A05A0220A020A100F191ED /* Planet AR Destroyer Game */ = {
			isa = PBXGroup;
			children = (
				76A05A0320A020A100F191ED /* AppDelegate.swift */,
				76A05A0520A020A100F191ED /* ViewController.swift */,
				76A05A0720A020A100F191ED /* Main.storyboard */,
				76A05A0A20A020A200F191ED /* Assets.xcassets */,
				76A05A1520A0231A00F191ED /* backgroundwelcomescreen.jpg */,
				76A05A1720A0233600F191ED /* orionconstellation.jpg */,
				76A05A0C20A020A200F191ED /* LaunchScreen.storyboard */,
				76A05A0F20A020A200F191ED /* Info.plist */,
				76A05A1920A0240800F191ED /* BackgroundMusic */,
			);
			path = "Planet AR Destroyer Game";
			sourceTree = "<group>";
		};
		76A05A1920A0240800F191ED /* BackgroundMusic */ = {
			isa = PBXGroup;
			children = (
				76A05A1A20A0260F00F191ED /* 01_Title Screen.mp3 */,
			);
			path = BackgroundMusic;
			sourceTree = "<group>";
		};
/* End PBXGroup section */

/* Begin PBXNativeTarget section */
		76A059FF20A020A100F191ED /* Planet AR Destroyer Game */ = {
			isa = PBXNativeTarget;
			buildConfigurationList = 76A05A1220A020A200F191ED /* Build configuration list for PBXNativeTarget "Planet AR Destroyer Game" */;
			buildPhases = (
				76A059FC20A020A100F191ED /* Sources */,
				76A059FD20A020A100F191ED /* Frameworks */,
				76A059FE20A020A100F191ED /* Resources */,
			);
			buildRules = (
			);
			dependencies = (
			);
			name = "Planet AR Destroyer Game";
			productName = "Planet AR Destroyer Game";
			productReference = 76A05A0020A020A100F191ED /* Planet AR Destroyer Game.app */;
			productType = "com.apple.product-type.application";
		};
/* End PBXNativeTarget section */

/* Begin PBXProject section */
		76A059F820A020A100F191ED /* Project object */ = {
			isa = PBXProject;
			attributes = {
				LastSwiftUpdateCheck = 0930;
				LastUpgradeCheck = 0930;
				ORGANIZATIONNAME = "Orion Choy";
				TargetAttributes = {
					76A059FF20A020A100F191ED = {
						CreatedOnToolsVersion = 9.3;
					};
				};
			};
			buildConfigurationList = 76A059FB20A020A100F191ED /* Build configuration list for PBXProject "Planet AR Destroyer Game" */;
			compatibilityVersion = "Xcode 9.3";
			developmentRegion = en;
			hasScannedForEncodings = 0;
			knownRegions = (
				en,
				Base,
			);
			mainGroup = 76A059F720A020A100F191ED;
			productRefGroup = 76A05A0120A020A100F191ED /* Products */;
			projectDirPath = "";
			projectRoot = "";
			targets = (
				76A059FF20A020A100F191ED /* Planet AR Destroyer Game */,
			);
		};
/* End PBXProject section */

/* Begin PBXResourcesBuildPhase section */
		76A059FE20A020A100F191ED /* Resources */ = {
			isa = PBXResourcesBuildPhase;
			buildActionMask = 2147483647;
			files = (
				76A05A1820A0233600F191ED /* orionconstellation.jpg in Resources */,
				76A05A0E20A020A200F191ED /* LaunchScreen.storyboard in Resources */,
				76A05A0B20A020A200F191ED /* Assets.xcassets in Resources */,
				76A05A1B20A0260F00F191ED /* 01_Title Screen.mp3 in Resources */,
				76A05A1620A0231A00F191ED /* backgroundwelcomescreen.jpg in Resources */,
				76A05A0920A020A100F191ED /* Main.storyboard in Resources */,
			);
			runOnlyForDeploymentPostprocessing = 0;
		};
/* End PBXResourcesBuildPhase section */

/* Begin PBXSourcesBuildPhase section */
		76A059FC20A020A100F191ED /* Sources */ = {
			isa = PBXSourcesBuildPhase;
			buildActionMask = 2147483647;
			files = (
				76A05A0620A020A100F191ED /* ViewController.swift in Sources */,
				76A05A0420A020A100F191ED /* AppDelegate.swift in Sources */,
			);
			runOnlyForDeploymentPostprocessing = 0;
		};
/* End PBXSourcesBuildPhase section */

/* Begin PBXVariantGroup section */
		76A05A0720A020A100F191ED /* Main.storyboard */ = {
			isa = PBXVariantGroup;
			children = (
				76A05A0820A020A100F191ED /* Base */,
			);
			name = Main.storyboard;
			sourceTree = "<group>";
		};
		76A05A0C20A020A200F191ED /* LaunchScreen.storyboard */ = {
			isa = PBXVariantGroup;
			children = (
				76A05A0D20A020A200F191ED /* Base */,
			);
			name = LaunchScreen.storyboard;
			sourceTree = "<group>";
		};
/* End PBXVariantGroup section */

/* Begin XCBuildConfiguration section */
		76A05A1020A020A200F191ED /* Debug */ = {
			isa = XCBuildConfiguration;
			buildSettings = {
				ALWAYS_SEARCH_USER_PATHS = NO;
				CLANG_ANALYZER_NONNULL = YES;
				CLANG_ANALYZER_NUMBER_OBJECT_CONVERSION = YES_AGGRESSIVE;
				CLANG_CXX_LANGUAGE_STANDARD = "gnu++14";
				CLANG_CXX_LIBRARY = "libc++";
				CLANG_ENABLE_MODULES = YES;
				CLANG_ENABLE_OBJC_ARC = YES;
				CLANG_ENABLE_OBJC_WEAK = YES;
				CLANG_WARN_BLOCK_CAPTURE_AUTORELEASING = YES;
				CLANG_WARN_BOOL_CONVERSION = YES;
				CLANG_WARN_COMMA = YES;
				CLANG_WARN_CONSTANT_CONVERSION = YES;
				CLANG_WARN_DEPRECATED_OBJC_IMPLEMENTATIONS = YES;
				CLANG_WARN_DIRECT_OBJC_ISA_USAGE = YES_ERROR;
				CLANG_WARN_DOCUMENTATION_COMMENTS = YES;
				CLANG_WARN_EMPTY_BODY = YES;
				CLANG_WARN_ENUM_CONVERSION = YES;
				CLANG_WARN_INFINITE_RECURSION = YES;
				CLANG_WARN_INT_CONVERSION = YES;
				CLANG_WARN_NON_LITERAL_NULL_CONVERSION = YES;
				CLANG_WARN_OBJC_IMPLICIT_RETAIN_SELF = YES;
				CLANG_WARN_OBJC_LITERAL_CONVERSION = YES;
				CLANG_WARN_OBJC_ROOT_CLASS = YES_ERROR;
				CLANG_WARN_RANGE_LOOP_ANALYSIS = YES;
				CLANG_WARN_STRICT_PROTOTYPES = YES;
				CLANG_WARN_SUSPICIOUS_MOVE = YES;
				CLANG_WARN_UNGUARDED_AVAILABILITY = YES_AGGRESSIVE;
				CLANG_WARN_UNREACHABLE_CODE = YES;
				CLANG_WARN__DUPLICATE_METHOD_MATCH = YES;
				CODE_SIGN_IDENTITY = "iPhone Developer";
				COPY_PHASE_STRIP = NO;
				DEBUG_INFORMATION_FORMAT = dwarf;
				ENABLE_STRICT_OBJC_MSGSEND = YES;
				ENABLE_TESTABILITY = YES;
				GCC_C_LANGUAGE_STANDARD = gnu11;
				GCC_DYNAMIC_NO_PIC = NO;
				GCC_NO_COMMON_BLOCKS = YES;
				GCC_OPTIMIZATION_LEVEL = 0;
				GCC_PREPROCESSOR_DEFINITIONS = (
					"DEBUG=1",
					"$(inherited)",
				);
				GCC_WARN_64_TO_32_BIT_CONVERSION = YES;
				GCC_WARN_ABOUT_RETURN_TYPE = YES_ERROR;
				GCC_WARN_UNDECLARED_SELECTOR = YES;
				GCC_WARN_UNINITIALIZED_AUTOS = YES_AGGRESSIVE;
				GCC_WARN_UNUSED_FUNCTION = YES;
				GCC_WARN_UNUSED_VARIABLE = YES;
				IPHONEOS_DEPLOYMENT_TARGET = 11.3;
				MTL_ENABLE_DEBUG_INFO = YES;
				ONLY_ACTIVE_ARCH = YES;
				SDKROOT = iphoneos;
				SWIFT_ACTIVE_COMPILATION_CONDITIONS = DEBUG;
				SWIFT_OPTIMIZATION_LEVEL = "-Onone";
			};
			name = Debug;
		};
		76A05A1120A020A200F191ED /* Release */ = {
			isa = XCBuildConfiguration;
			buildSettings = {
				ALWAYS_SEARCH_USER_PATHS = NO;
				CLANG_ANALYZER_NONNULL = YES;
				CLANG_ANALYZER_NUMBER_OBJECT_CONVERSION = YES_AGGRESSIVE;
				CLANG_CXX_LANGUAGE_STANDARD = "gnu++14";
				CLANG_CXX_LIBRARY = "libc++";
				CLANG_ENABLE_MODULES = YES;
				CLANG_ENABLE_OBJC_ARC = YES;
				CLANG_ENABLE_OBJC_WEAK = YES;
				CLANG_WARN_BLOCK_CAPTURE_AUTORELEASING = YES;
				CLANG_WARN_BOOL_CONVERSION = YES;
				CLANG_WARN_COMMA = YES;
				CLANG_WARN_CONSTANT_CONVERSION = YES;
				CLANG_WARN_DEPRECATED_OBJC_IMPLEMENTATIONS = YES;
				CLANG_WARN_DIRECT_OBJC_ISA_USAGE = YES_ERROR;
				CLANG_WARN_DOCUMENTATION_COMMENTS = YES;
				CLANG_WARN_EMPTY_BODY = YES;
				CLANG_WARN_ENUM_CONVERSION = YES;
				CLANG_WARN_INFINITE_RECURSION = YES;
				CLANG_WARN_INT_CONVERSION = YES;
				CLANG_WARN_NON_LITERAL_NULL_CONVERSION = YES;
				CLANG_WARN_OBJC_IMPLICIT_RETAIN_SELF = YES;
				CLANG_WARN_OBJC_LITERAL_CONVERSION = YES;
				CLANG_WARN_OBJC_ROOT_CLASS = YES_ERROR;
				CLANG_WARN_RANGE_LOOP_ANALYSIS = YES;
				CLANG_WARN_STRICT_PROTOTYPES = YES;
				CLANG_WARN_SUSPICIOUS_MOVE = YES;
				CLANG_WARN_UNGUARDED_AVAILABILITY = YES_AGGRESSIVE;
				CLANG_WARN_UNREACHABLE_CODE = YES;
				CLANG_WARN__DUPLICATE_METHOD_MATCH = YES;
				CODE_SIGN_IDENTITY = "iPhone Developer";
				COPY_PHASE_STRIP = NO;
				DEBUG_INFORMATION_FORMAT = "dwarf-with-dsym";
				ENABLE_NS_ASSERTIONS = NO;
				ENABLE_STRICT_OBJC_MSGSEND = YES;
				GCC_C_LANGUAGE_STANDARD = gnu11;
				GCC_NO_COMMON_BLOCKS = YES;
				GCC_WARN_64_TO_32_BIT_CONVERSION = YES;
				GCC_WARN_ABOUT_RETURN_TYPE = YES_ERROR;
				GCC_WARN_UNDECLARED_SELECTOR = YES;
				GCC_WARN_UNINITIALIZED_AUTOS = YES_AGGRESSIVE;
				GCC_WARN_UNUSED_FUNCTION = YES;
				GCC_WARN_UNUSED_VARIABLE = YES;
				IPHONEOS_DEPLOYMENT_TARGET = 11.3;
				MTL_ENABLE_DEBUG_INFO = NO;
				SDKROOT = iphoneos;
				SWIFT_COMPILATION_MODE = wholemodule;
				SWIFT_OPTIMIZATION_LEVEL = "-O";
				VALIDATE_PRODUCT = YES;
			};
			name = Release;
		};
		76A05A1320A020A200F191ED /* Debug */ = {
			isa = XCBuildConfiguration;
			buildSettings = {
				ASSETCATALOG_COMPILER_APPICON_NAME = AppIcon;
				CODE_SIGN_STYLE = Automatic;
				DEVELOPMENT_TEAM = 7SFZ9VXD9J;
				INFOPLIST_FILE = "Planet AR Destroyer Game/Info.plist";
				LD_RUNPATH_SEARCH_PATHS = (
					"$(inherited)",
					"@executable_path/Frameworks",
				);
				PRODUCT_BUNDLE_IDENTIFIER = "com.choyorion.Planet-AR-Destroyer-Game";
				PRODUCT_NAME = "$(TARGET_NAME)";
				SWIFT_VERSION = 4.0;
				TARGETED_DEVICE_FAMILY = 1;
			};
			name = Debug;
		};
		76A05A1420A020A200F191ED /* Release */ = {
			isa = XCBuildConfiguration;
			buildSettings = {
				ASSETCATALOG_COMPILER_APPICON_NAME = AppIcon;
				CODE_SIGN_STYLE = Automatic;
				DEVELOPMENT_TEAM = 7SFZ9VXD9J;
				INFOPLIST_FILE = "Planet AR Destroyer Game/Info.plist";
				LD_RUNPATH_SEARCH_PATHS = (
					"$(inherited)",
					"@executable_path/Frameworks",
				);
				PRODUCT_BUNDLE_IDENTIFIER = "com.choyorion.Planet-AR-Destroyer-Game";
				PRODUCT_NAME = "$(TARGET_NAME)";
				SWIFT_VERSION = 4.0;
				TARGETED_DEVICE_FAMILY = 1;
			};
			name = Release;
		};
/* End XCBuildConfiguration section */

/* Begin XCConfigurationList section */
		76A059FB20A020A100F191ED /* Build configuration list for PBXProject "Planet AR Destroyer Game" */ = {
			isa = XCConfigurationList;
			buildConfigurations = (
				76A05A1020A020A200F191ED /* Debug */,
				76A05A1120A020A200F191ED /* Release */,
			);
			defaultConfigurationIsVisible = 0;
			defaultConfigurationName = Release;
		};
		76A05A1220A020A200F191ED /* Build configuration list for PBXNativeTarget "Planet AR Destroyer Game" */ = {
			isa = XCConfigurationList;
			buildConfigurations = (
				76A05A1320A020A200F191ED /* Debug */,
				76A05A1420A020A200F191ED /* Release */,
			);
			defaultConfigurationIsVisible = 0;
			defaultConfigurationName = Release;
		};
/* End XCConfigurationList section */
	};
	rootObject = 76A059F820A020A100F191ED /* Project object */;
}
